
Microsoft Visual Studio Solution File, Format Version 12.00
# Visual Studio 15
VisualStudioVersion = 15.0.33026.149
MinimumVisualStudioVersion = 10.0.40219.1
Project("{FAE04EC0-301F-11D3-BF4B-00C04F79EFBC}") = "Издательский центр", "Издательский центр\Издательский центр.csproj", "{A1A770B7-1FDD-4104-BBD1-EDED89667B86}"
EndProject
Global
	GlobalSection(SolutionConfigurationPlatforms) = preSolution
		Debug|Any CPU = Debug|Any CPU
		Release|Any CPU = Release|Any CPU
	EndGlobalSection
	GlobalSection(ProjectConfigurationPlatforms) = postSolution
		{A1A770B7-1FDD-4104-BBD1-EDED89667B86}.Debug|Any CPU.ActiveCfg = Debug|Any CPU
		{A1A770B7-1FDD-4104-BBD1-EDED89667B86}.Debug|Any CPU.Build.0 = Debug|Any CPU
		{A1A770B7-1FDD-4104-BBD1-EDED89667B86}.Release|Any CPU.ActiveCfg = Release|Any CPU
		{A1A770B7-1FDD-4104-BBD1-EDED89667B86}.Release|Any CPU.Build.0 = Release|Any CPU
	EndGlobalSection
	GlobalSection(SolutionProperties) = preSolution
		HideSolutionNode = FALSE
	EndGlobalSection
	GlobalSection(ExtensibilityGlobals) = postSolution
		SolutionGuid = {A297C07A-6D23-45FC-9AA9-3417D5DD5275}
	EndGlobalSection
EndGlobal
